
Microsoft Visual Studio Solution File, Format Version 12.00
# Visual Studio Version 17
VisualStudioVersion = 17.12.35514.174
MinimumVisualStudioVersion = 10.0.40219.1
Project("{FAE04EC0-301F-11D3-BF4B-00C04F79EFBC}") = "Repositories", "Repositories\Repositories.csproj", "{EDDC08FD-B24D-4480-897D-0CB0473681FF}"
EndProject
Project("{FAE04EC0-301F-11D3-BF4B-00C04F79EFBC}") = "Services", "Services\Services.csproj", "{9562291F-31C5-4800-A33D-BE6A4D244E45}"
EndProject
Project("{FAE04EC0-301F-11D3-BF4B-00C04F79EFBC}") = "API", "API\API.csproj", "{41CC2CAC-23B7-44C0-92C2-91EC49680F92}"
EndProject
Project("{2150E333-8FDC-42A3-9474-1A3956D46DE8}") = "NLayer", "NLayer", "{D3F586DE-032E-4F8C-90C9-D49A9B5CCC06}"
EndProject
Project("{2150E333-8FDC-42A3-9474-1A3956D46DE8}") = "CleanArchitecture", "CleanArchitecture", "{760FF063-CF1D-409D-A675-8FA84B35FC46}"
EndProject
Project("{2150E333-8FDC-42A3-9474-1A3956D46DE8}") = "src", "src", "{BAF3C8C6-FE55-43BB-9AA9-E8033F33CF1B}"
EndProject
Project("{2150E333-8FDC-42A3-9474-1A3956D46DE8}") = "test", "test", "{D0DEFB31-BCB7-4341-AAE7-482C92C5D432}"
EndProject
Project("{2150E333-8FDC-42A3-9474-1A3956D46DE8}") = "Core", "Core", "{999E24F0-2D76-432B-AA6E-389B36E6AA27}"
EndProject
Project("{FAE04EC0-301F-11D3-BF4B-00C04F79EFBC}") = "App.Domain", "App.Domain\App.Domain.csproj", "{252F2CB4-8313-48E1-BF81-1861D55D9A15}"
EndProject
Project("{FAE04EC0-301F-11D3-BF4B-00C04F79EFBC}") = "App.Application", "App.Application\App.Application.csproj", "{CDA74A3A-6D75-4012-87BB-36B3EE7A8FDA}"
EndProject
Project("{2150E333-8FDC-42A3-9474-1A3956D46DE8}") = "Infrastructure", "Infrastructure", "{73F549AA-C4DE-4300-AA81-614EED2D29D6}"
EndProject
Project("{FAE04EC0-301F-11D3-BF4B-00C04F79EFBC}") = "App.Persistence", "App.Persistence\App.Persistence.csproj", "{BB4A086F-C2CC-4568-8B29-113D5B848242}"
EndProject
Project("{2150E333-8FDC-42A3-9474-1A3956D46DE8}") = "API", "API", "{E6778AFA-3163-4269-B6AC-F7C859B5D082}"
EndProject
Project("{FAE04EC0-301F-11D3-BF4B-00C04F79EFBC}") = "App.API", "App.API\App.API.csproj", "{E5189C1E-E736-4409-A4DE-BDCCABDD63AD}"
EndProject
Global
	GlobalSection(SolutionConfigurationPlatforms) = preSolution
		Debug|Any CPU = Debug|Any CPU
		Release|Any CPU = Release|Any CPU
	EndGlobalSection
	GlobalSection(ProjectConfigurationPlatforms) = postSolution
		{EDDC08FD-B24D-4480-897D-0CB0473681FF}.Debug|Any CPU.ActiveCfg = Debug|Any CPU
		{EDDC08FD-B24D-4480-897D-0CB0473681FF}.Debug|Any CPU.Build.0 = Debug|Any CPU
		{EDDC08FD-B24D-4480-897D-0CB0473681FF}.Release|Any CPU.ActiveCfg = Release|Any CPU
		{EDDC08FD-B24D-4480-897D-0CB0473681FF}.Release|Any CPU.Build.0 = Release|Any CPU
		{9562291F-31C5-4800-A33D-BE6A4D244E45}.Debug|Any CPU.ActiveCfg = Debug|Any CPU
		{9562291F-31C5-4800-A33D-BE6A4D244E45}.Debug|Any CPU.Build.0 = Debug|Any CPU
		{9562291F-31C5-4800-A33D-BE6A4D244E45}.Release|Any CPU.ActiveCfg = Release|Any CPU
		{9562291F-31C5-4800-A33D-BE6A4D244E45}.Release|Any CPU.Build.0 = Release|Any CPU
		{41CC2CAC-23B7-44C0-92C2-91EC49680F92}.Debug|Any CPU.ActiveCfg = Debug|Any CPU
		{41CC2CAC-23B7-44C0-92C2-91EC49680F92}.Debug|Any CPU.Build.0 = Debug|Any CPU
		{41CC2CAC-23B7-44C0-92C2-91EC49680F92}.Release|Any CPU.ActiveCfg = Release|Any CPU
		{41CC2CAC-23B7-44C0-92C2-91EC49680F92}.Release|Any CPU.Build.0 = Release|Any CPU
		{252F2CB4-8313-48E1-BF81-1861D55D9A15}.Debug|Any CPU.ActiveCfg = Debug|Any CPU
		{252F2CB4-8313-48E1-BF81-1861D55D9A15}.Debug|Any CPU.Build.0 = Debug|Any CPU
		{252F2CB4-8313-48E1-BF81-1861D55D9A15}.Release|Any CPU.ActiveCfg = Release|Any CPU
		{252F2CB4-8313-48E1-BF81-1861D55D9A15}.Release|Any CPU.Build.0 = Release|Any CPU
		{CDA74A3A-6D75-4012-87BB-36B3EE7A8FDA}.Debug|Any CPU.ActiveCfg = Debug|Any CPU
		{CDA74A3A-6D75-4012-87BB-36B3EE7A8FDA}.Debug|Any CPU.Build.0 = Debug|Any CPU
		{CDA74A3A-6D75-4012-87BB-36B3EE7A8FDA}.Release|Any CPU.ActiveCfg = Release|Any CPU
		{CDA74A3A-6D75-4012-87BB-36B3EE7A8FDA}.Release|Any CPU.Build.0 = Release|Any CPU
		{BB4A086F-C2CC-4568-8B29-113D5B848242}.Debug|Any CPU.ActiveCfg = Debug|Any CPU
		{BB4A086F-C2CC-4568-8B29-113D5B848242}.Debug|Any CPU.Build.0 = Debug|Any CPU
		{BB4A086F-C2CC-4568-8B29-113D5B848242}.Release|Any CPU.ActiveCfg = Release|Any CPU
		{BB4A086F-C2CC-4568-8B29-113D5B848242}.Release|Any CPU.Build.0 = Release|Any CPU
		{E5189C1E-E736-4409-A4DE-BDCCABDD63AD}.Debug|Any CPU.ActiveCfg = Debug|Any CPU
		{E5189C1E-E736-4409-A4DE-BDCCABDD63AD}.Debug|Any CPU.Build.0 = Debug|Any CPU
		{E5189C1E-E736-4409-A4DE-BDCCABDD63AD}.Release|Any CPU.ActiveCfg = Release|Any CPU
		{E5189C1E-E736-4409-A4DE-BDCCABDD63AD}.Release|Any CPU.Build.0 = Release|Any CPU
	EndGlobalSection
	GlobalSection(SolutionProperties) = preSolution
		HideSolutionNode = FALSE
	EndGlobalSection
	GlobalSection(NestedProjects) = preSolution
		{EDDC08FD-B24D-4480-897D-0CB0473681FF} = {D3F586DE-032E-4F8C-90C9-D49A9B5CCC06}
		{9562291F-31C5-4800-A33D-BE6A4D244E45} = {D3F586DE-032E-4F8C-90C9-D49A9B5CCC06}
		{41CC2CAC-23B7-44C0-92C2-91EC49680F92} = {D3F586DE-032E-4F8C-90C9-D49A9B5CCC06}
		{BAF3C8C6-FE55-43BB-9AA9-E8033F33CF1B} = {760FF063-CF1D-409D-A675-8FA84B35FC46}
		{D0DEFB31-BCB7-4341-AAE7-482C92C5D432} = {760FF063-CF1D-409D-A675-8FA84B35FC46}
		{999E24F0-2D76-432B-AA6E-389B36E6AA27} = {BAF3C8C6-FE55-43BB-9AA9-E8033F33CF1B}
		{252F2CB4-8313-48E1-BF81-1861D55D9A15} = {999E24F0-2D76-432B-AA6E-389B36E6AA27}
		{CDA74A3A-6D75-4012-87BB-36B3EE7A8FDA} = {999E24F0-2D76-432B-AA6E-389B36E6AA27}
		{73F549AA-C4DE-4300-AA81-614EED2D29D6} = {BAF3C8C6-FE55-43BB-9AA9-E8033F33CF1B}
		{BB4A086F-C2CC-4568-8B29-113D5B848242} = {73F549AA-C4DE-4300-AA81-614EED2D29D6}
		{E6778AFA-3163-4269-B6AC-F7C859B5D082} = {BAF3C8C6-FE55-43BB-9AA9-E8033F33CF1B}
		{E5189C1E-E736-4409-A4DE-BDCCABDD63AD} = {E6778AFA-3163-4269-B6AC-F7C859B5D082}
	EndGlobalSection
EndGlobal
