
Microsoft Visual Studio Solution File, Format Version 12.00
# Visual Studio Version 17
VisualStudioVersion = 17.12.35514.174
MinimumVisualStudioVersion = 10.0.40219.1
Project("{FAE04EC0-301F-11D3-BF4B-00C04F79EFBC}") = "Repositories", "Repositories\Repositories.csproj", "{EDDC08FD-B24D-4480-897D-0CB0473681FF}"
EndProject
Project("{FAE04EC0-301F-11D3-BF4B-00C04F79EFBC}") = "Services", "Services\Services.csproj", "{9562291F-31C5-4800-A33D-BE6A4D244E45}"
EndProject
Project("{FAE04EC0-301F-11D3-BF4B-00C04F79EFBC}") = "API", "API\API.csproj", "{41CC2CAC-23B7-44C0-92C2-91EC49680F92}"
EndProject
Global
	GlobalSection(SolutionConfigurationPlatforms) = preSolution
		Debug|Any CPU = Debug|Any CPU
		Release|Any CPU = Release|Any CPU
	EndGlobalSection
	GlobalSection(ProjectConfigurationPlatforms) = postSolution
		{EDDC08FD-B24D-4480-897D-0CB0473681FF}.Debug|Any CPU.ActiveCfg = Debug|Any CPU
		{EDDC08FD-B24D-4480-897D-0CB0473681FF}.Debug|Any CPU.Build.0 = Debug|Any CPU
		{EDDC08FD-B24D-4480-897D-0CB0473681FF}.Release|Any CPU.ActiveCfg = Release|Any CPU
		{EDDC08FD-B24D-4480-897D-0CB0473681FF}.Release|Any CPU.Build.0 = Release|Any CPU
		{9562291F-31C5-4800-A33D-BE6A4D244E45}.Debug|Any CPU.ActiveCfg = Debug|Any CPU
		{9562291F-31C5-4800-A33D-BE6A4D244E45}.Debug|Any CPU.Build.0 = Debug|Any CPU
		{9562291F-31C5-4800-A33D-BE6A4D244E45}.Release|Any CPU.ActiveCfg = Release|Any CPU
		{9562291F-31C5-4800-A33D-BE6A4D244E45}.Release|Any CPU.Build.0 = Release|Any CPU
		{41CC2CAC-23B7-44C0-92C2-91EC49680F92}.Debug|Any CPU.ActiveCfg = Debug|Any CPU
		{41CC2CAC-23B7-44C0-92C2-91EC49680F92}.Debug|Any CPU.Build.0 = Debug|Any CPU
		{41CC2CAC-23B7-44C0-92C2-91EC49680F92}.Release|Any CPU.ActiveCfg = Release|Any CPU
		{41CC2CAC-23B7-44C0-92C2-91EC49680F92}.Release|Any CPU.Build.0 = Release|Any CPU
	EndGlobalSection
	GlobalSection(SolutionProperties) = preSolution
		HideSolutionNode = FALSE
	EndGlobalSection
EndGlobal
